{
  "requires": true,
  "lockfileVersion": 1,
  "dependencies": {
    "clivas": {
      "version": "0.2.0",
      "resolved": "https://registry.npmjs.org/clivas/-/clivas-0.2.0.tgz",
      "integrity": "sha1-uNGRiLMkPjkPMCQQvQyxYi24Jkk="
    },
    "hamburger": {
      "version": "0.1.1",
      "resolved": "https://registry.npmjs.org/hamburger/-/hamburger-0.1.1.tgz",
      "integrity": "sha1-B2h/8ea62HsDVMquTln0Fp4imic="
    },
    "keypress": {
      "version": "0.2.1",
      "resolved": "https://registry.npmjs.org/keypress/-/keypress-0.2.1.tgz",
      "integrity": "sha1-HoBFQlABjbrUw/6USX1uZ7YmnHc="
    },
    "menu": {
      "version": "0.2.5",
      "resolved": "https://registry.npmjs.org/menu/-/menu-0.2.5.tgz",
      "integrity": "sha1-VXKX4jXBAtYqNmuFXBzF/RE3HCE=",
      "requires": {
        "clivas": "0.2.0",
        "keypress": "0.2.1"
      }
    }
  }
}
